{
    "name": "dreamingspires-site",
    "lockfileVersion": 2,
    "requires": true,
    "packages": {
        "": {
            "name": "dreamingspires-site",
            "devDependencies": {
                "@creativebulma/bulma-collapsible": "^1.0.4",
                "bulma": "^0.9.3"
            }
        },
        "node_modules/@creativebulma/bulma-collapsible": {
            "version": "1.0.4",
            "resolved": "https://registry.npmjs.org/@creativebulma/bulma-collapsible/-/bulma-collapsible-1.0.4.tgz",
            "integrity": "sha512-aNqSwyuJxshoIc4oD3wJ3eRqOANRweYfpzqmef/fj5tf0Yn7UVx99yh8ovY6vhB8Il31bFcc7f/eRfJvEMNUPw==",
            "dev": true,
            "dependencies": {
                "bulma": "latest"
            }
        },
        "node_modules/bulma": {
            "version": "0.9.3",
            "resolved": "https://registry.npmjs.org/bulma/-/bulma-0.9.3.tgz",
            "integrity": "sha512-0d7GNW1PY4ud8TWxdNcP6Cc8Bu7MxcntD/RRLGWuiw/s0a9P+XlH/6QoOIrmbj6o8WWJzJYhytiu9nFjTszk1g==",
            "dev": true
        }
    },
    "dependencies": {
        "@creativebulma/bulma-collapsible": {
            "version": "1.0.4",
            "resolved": "https://registry.npmjs.org/@creativebulma/bulma-collapsible/-/bulma-collapsible-1.0.4.tgz",
            "integrity": "sha512-aNqSwyuJxshoIc4oD3wJ3eRqOANRweYfpzqmef/fj5tf0Yn7UVx99yh8ovY6vhB8Il31bFcc7f/eRfJvEMNUPw==",
            "dev": true,
            "requires": {
                "bulma": "latest"
            }
        },
        "bulma": {
            "version": "0.9.3",
            "resolved": "https://registry.npmjs.org/bulma/-/bulma-0.9.3.tgz",
            "integrity": "sha512-0d7GNW1PY4ud8TWxdNcP6Cc8Bu7MxcntD/RRLGWuiw/s0a9P+XlH/6QoOIrmbj6o8WWJzJYhytiu9nFjTszk1g==",
            "dev": true
        }
    }
}
